// !$*UTF8*$!
{
	archiveVersion = 1;
	classes = {
	};
	objectVersion = 46;
	objects = {

/* Begin PBXBuildFile section */
		5887BD7A1BF0CD07002F387E /* AppDelegate.swift in Sources */ = {isa = PBXBuildFile; fileRef = 5887BD791BF0CD07002F387E /* AppDelegate.swift */; };
		5887BD7C1BF0CD07002F387E /* ViewController.swift in Sources */ = {isa = PBXBuildFile; fileRef = 5887BD7B1BF0CD07002F387E /* ViewController.swift */; };
		5887BD7F1BF0CD07002F387E /* Main.storyboard in Resources */ = {isa = PBXBuildFile; fileRef = 5887BD7D1BF0CD07002F387E /* Main.storyboard */; };
		5887BD811BF0CD07002F387E /* Assets.xcassets in Resources */ = {isa = PBXBuildFile; fileRef = 5887BD801BF0CD07002F387E /* Assets.xcassets */; };
		5887BD841BF0CD07002F387E /* LaunchScreen.storyboard in Resources */ = {isa = PBXBuildFile; fileRef = 5887BD821BF0CD07002F387E /* LaunchScreen.storyboard */; };
/* End PBXBuildFile section */

/* Begin PBXFileReference section */
		5887BD761BF0CD07002F387E /* rotten-tomatoes.app */ = {isa = PBXFileReference; explicitFileType = wrapper.application; includeInIndex = 0; path = "rotten-tomatoes.app"; sourceTree = BUILT_PRODUCTS_DIR; };
		5887BD791BF0CD07002F387E /* AppDelegate.swift */ = {isa = PBXFileReference; lastKnownFileType = sourcecode.swift; path = AppDelegate.swift; sourceTree = "<group>"; };
		5887BD7B1BF0CD07002F387E /* ViewController.swift */ = {isa = PBXFileReference; lastKnownFileType = sourcecode.swift; path = ViewController.swift; sourceTree = "<group>"; };
		5887BD7E1BF0CD07002F387E /* Base */ = {isa = PBXFileReference; lastKnownFileType = file.storyboard; name = Base; path = Base.lproj/Main.storyboard; sourceTree = "<group>"; };
		5887BD801BF0CD07002F387E /* Assets.xcassets */ = {isa = PBXFileReference; lastKnownFileType = folder.assetcatalog; path = Assets.xcassets; sourceTree = "<group>"; };
		5887BD831BF0CD07002F387E /* Base */ = {isa = PBXFileReference; lastKnownFileType = file.storyboard; name = Base; path = Base.lproj/LaunchScreen.storyboard; sourceTree = "<group>"; };
		5887BD851BF0CD07002F387E /* Info.plist */ = {isa = PBXFileReference; lastKnownFileType = text.plist.xml; path = Info.plist; sourceTree = "<group>"; };
/* End PBXFileReference section */

/* Begin PBXFrameworksBuildPhase section */
		5887BD731BF0CD07002F387E /* Frameworks */ = {
			isa = PBXFrameworksBuildPhase;
			buildActionMask = 2147483647;
			files = (
			);
			runOnlyForDeploymentPostprocessing = 0;
		};
/* End PBXFrameworksBuildPhase section */

/* Begin PBXGroup section */
		5887BD6D1BF0CD07002F387E = {
			isa = PBXGroup;
			children = (
				5887BD781BF0CD07002F387E /* rotten-tomatoes */,
				5887BD771BF0CD07002F387E /* Products */,
			);
			sourceTree = "<group>";
		};
		5887BD771BF0CD07002F387E /* Products */ = {
			isa = PBXGroup;
			children = (
				5887BD761BF0CD07002F387E /* rotten-tomatoes.app */,
			);
			name = Products;
			sourceTree = "<group>";
		};
		5887BD781BF0CD07002F387E /* rotten-tomatoes */ = {
			isa = PBXGroup;
			children = (
				5887BD791BF0CD07002F387E /* AppDelegate.swift */,
				5887BD7B1BF0CD07002F387E /* ViewController.swift */,
				5887BD7D1BF0CD07002F387E /* Main.storyboard */,
				5887BD801BF0CD07002F387E /* Assets.xcassets */,
				5887BD821BF0CD07002F387E /* LaunchScreen.storyboard */,
				5887BD851BF0CD07002F387E /* Info.plist */,
			);
			path = "rotten-tomatoes";
			sourceTree = "<group>";
		};
/* End PBXGroup section */

/* Begin PBXNativeTarget section */
		5887BD751BF0CD07002F387E /* rotten-tomatoes */ = {
			isa = PBXNativeTarget;
			buildConfigurationList = 5887BD881BF0CD07002F387E /* Build configuration list for PBXNativeTarget "rotten-tomatoes" */;
			buildPhases = (
				5887BD721BF0CD07002F387E /* Sources */,
				5887BD731BF0CD07002F387E /* Frameworks */,
				5887BD741BF0CD07002F387E /* Resources */,
			);
			buildRules = (
			);
			dependencies = (
			);
			name = "rotten-tomatoes";
			productName = "rotten-tomatoes";
			productReference = 5887BD761BF0CD07002F387E /* rotten-tomatoes.app */;
			productType = "com.apple.product-type.application";
		};
/* End PBXNativeTarget section */

/* Begin PBXProject section */
		5887BD6E1BF0CD07002F387E /* Project object */ = {
			isa = PBXProject;
			attributes = {
				LastSwiftUpdateCheck = 0710;
				LastUpgradeCheck = 0710;
				ORGANIZATIONNAME = "Lê Quang Bửu";
				TargetAttributes = {
					5887BD751BF0CD07002F387E = {
						CreatedOnToolsVersion = 7.1;
					};
				};
			};
			buildConfigurationList = 5887BD711BF0CD07002F387E /* Build configuration list for PBXProject "rotten-tomatoes" */;
			compatibilityVersion = "Xcode 3.2";
			developmentRegion = English;
			hasScannedForEncodings = 0;
			knownRegions = (
				en,
				Base,
			);
			mainGroup = 5887BD6D1BF0CD07002F387E;
			productRefGroup = 5887BD771BF0CD07002F387E /* Products */;
			projectDirPath = "";
			projectRoot = "";
			targets = (
				5887BD751BF0CD07002F387E /* rotten-tomatoes */,
			);
		};
/* End PBXProject section */

/* Begin PBXResourcesBuildPhase section */
		5887BD741BF0CD07002F387E /* Resources */ = {
			isa = PBXResourcesBuildPhase;
			buildActionMask = 2147483647;
			files = (
				5887BD841BF0CD07002F387E /* LaunchScreen.storyboard in Resources */,
				5887BD811BF0CD07002F387E /* Assets.xcassets in Resources */,
				5887BD7F1BF0CD07002F387E /* Main.storyboard in Resources */,
			);
			runOnlyForDeploymentPostprocessing = 0;
		};
/* End PBXResourcesBuildPhase section */

/* Begin PBXSourcesBuildPhase section */
		5887BD721BF0CD07002F387E /* Sources */ = {
			isa = PBXSourcesBuildPhase;
			buildActionMask = 2147483647;
			files = (
				5887BD7C1BF0CD07002F387E /* ViewController.swift in Sources */,
				5887BD7A1BF0CD07002F387E /* AppDelegate.swift in Sources */,
			);
			runOnlyForDeploymentPostprocessing = 0;
		};
/* End PBXSourcesBuildPhase section */

/* Begin PBXVariantGroup section */
		5887BD7D1BF0CD07002F387E /* Main.storyboard */ = {
			isa = PBXVariantGroup;
			children = (
				5887BD7E1BF0CD07002F387E /* Base */,
			);
			name = Main.storyboard;
			sourceTree = "<group>";
		};
		5887BD821BF0CD07002F387E /* LaunchScreen.storyboard */ = {
			isa = PBXVariantGroup;
			children = (
				5887BD831BF0CD07002F387E /* Base */,
			);
			name = LaunchScreen.storyboard;
			sourceTree = "<group>";
		};
/* End PBXVariantGroup section */

/* Begin XCBuildConfiguration section */
		5887BD861BF0CD07002F387E /* Debug */ = {
			isa = XCBuildConfiguration;
			buildSettings = {
				ALWAYS_SEARCH_USER_PATHS = NO;
				CLANG_CXX_LANGUAGE_STANDARD = "gnu++0x";
				CLANG_CXX_LIBRARY = "libc++";
				CLANG_ENABLE_MODULES = YES;
				CLANG_ENABLE_OBJC_ARC = YES;
				CLANG_WARN_BOOL_CONVERSION = YES;
				CLANG_WARN_CONSTANT_CONVERSION = YES;
				CLANG_WARN_DIRECT_OBJC_ISA_USAGE = YES_ERROR;
				CLANG_WARN_EMPTY_BODY = YES;
				CLANG_WARN_ENUM_CONVERSION = YES;
				CLANG_WARN_INT_CONVERSION = YES;
				CLANG_WARN_OBJC_ROOT_CLASS = YES_ERROR;
				CLANG_WARN_UNREACHABLE_CODE = YES;
				CLANG_WARN__DUPLICATE_METHOD_MATCH = YES;
				"CODE_SIGN_IDENTITY[sdk=iphoneos*]" = "iPhone Developer";
				COPY_PHASE_STRIP = NO;
				DEBUG_INFORMATION_FORMAT = dwarf;
				ENABLE_STRICT_OBJC_MSGSEND = YES;
				ENABLE_TESTABILITY = YES;
				GCC_C_LANGUAGE_STANDARD = gnu99;
				GCC_DYNAMIC_NO_PIC = NO;
				GCC_NO_COMMON_BLOCKS = YES;
				GCC_OPTIMIZATION_LEVEL = 0;
				GCC_PREPROCESSOR_DEFINITIONS = (
					"DEBUG=1",
					"$(inherited)",
				);
				GCC_WARN_64_TO_32_BIT_CONVERSION = YES;
				GCC_WARN_ABOUT_RETURN_TYPE = YES_ERROR;
				GCC_WARN_UNDECLARED_SELECTOR = YES;
				GCC_WARN_UNINITIALIZED_AUTOS = YES_AGGRESSIVE;
				GCC_WARN_UNUSED_FUNCTION = YES;
				GCC_WARN_UNUSED_VARIABLE = YES;
				IPHONEOS_DEPLOYMENT_TARGET = 9.1;
				MTL_ENABLE_DEBUG_INFO = YES;
				ONLY_ACTIVE_ARCH = YES;
				SDKROOT = iphoneos;
				SWIFT_OPTIMIZATION_LEVEL = "-Onone";
			};
			name = Debug;
		};
		5887BD871BF0CD07002F387E /* Release */ = {
			isa = XCBuildConfiguration;
			buildSettings = {
				ALWAYS_SEARCH_USER_PATHS = NO;
				CLANG_CXX_LANGUAGE_STANDARD = "gnu++0x";
				CLANG_CXX_LIBRARY = "libc++";
				CLANG_ENABLE_MODULES = YES;
				CLANG_ENABLE_OBJC_ARC = YES;
				CLANG_WARN_BOOL_CONVERSION = YES;
				CLANG_WARN_CONSTANT_CONVERSION = YES;
				CLANG_WARN_DIRECT_OBJC_ISA_USAGE = YES_ERROR;
				CLANG_WARN_EMPTY_BODY = YES;
				CLANG_WARN_ENUM_CONVERSION = YES;
				CLANG_WARN_INT_CONVERSION = YES;
				CLANG_WARN_OBJC_ROOT_CLASS = YES_ERROR;
				CLANG_WARN_UNREACHABLE_CODE = YES;
				CLANG_WARN__DUPLICATE_METHOD_MATCH = YES;
				"CODE_SIGN_IDENTITY[sdk=iphoneos*]" = "iPhone Developer";
				COPY_PHASE_STRIP = NO;
				DEBUG_INFORMATION_FORMAT = "dwarf-with-dsym";
				ENABLE_NS_ASSERTIONS = NO;
				ENABLE_STRICT_OBJC_MSGSEND = YES;
				GCC_C_LANGUAGE_STANDARD = gnu99;
				GCC_NO_COMMON_BLOCKS = YES;
				GCC_WARN_64_TO_32_BIT_CONVERSION = YES;
				GCC_WARN_ABOUT_RETURN_TYPE = YES_ERROR;
				GCC_WARN_UNDECLARED_SELECTOR = YES;
				GCC_WARN_UNINITIALIZED_AUTOS = YES_AGGRESSIVE;
				GCC_WARN_UNUSED_FUNCTION = YES;
				GCC_WARN_UNUSED_VARIABLE = YES;
				IPHONEOS_DEPLOYMENT_TARGET = 9.1;
				MTL_ENABLE_DEBUG_INFO = NO;
				SDKROOT = iphoneos;
				VALIDATE_PRODUCT = YES;
			};
			name = Release;
		};
		5887BD891BF0CD07002F387E /* Debug */ = {
			isa = XCBuildConfiguration;
			buildSettings = {
				ASSETCATALOG_COMPILER_APPICON_NAME = AppIcon;
				INFOPLIST_FILE = "rotten-tomatoes/Info.plist";
				LD_RUNPATH_SEARCH_PATHS = "$(inherited) @executable_path/Frameworks";
				PRODUCT_BUNDLE_IDENTIFIER = "com.example.rotten-tomatoes";
				PRODUCT_NAME = "$(TARGET_NAME)";
			};
			name = Debug;
		};
		5887BD8A1BF0CD07002F387E /* Release */ = {
			isa = XCBuildConfiguration;
			buildSettings = {
				ASSETCATALOG_COMPILER_APPICON_NAME = AppIcon;
				INFOPLIST_FILE = "rotten-tomatoes/Info.plist";
				LD_RUNPATH_SEARCH_PATHS = "$(inherited) @executable_path/Frameworks";
				PRODUCT_BUNDLE_IDENTIFIER = "com.example.rotten-tomatoes";
				PRODUCT_NAME = "$(TARGET_NAME)";
			};
			name = Release;
		};
/* End XCBuildConfiguration section */

/* Begin XCConfigurationList section */
		5887BD711BF0CD07002F387E /* Build configuration list for PBXProject "rotten-tomatoes" */ = {
			isa = XCConfigurationList;
			buildConfigurations = (
				5887BD861BF0CD07002F387E /* Debug */,
				5887BD871BF0CD07002F387E /* Release */,
			);
			defaultConfigurationIsVisible = 0;
			defaultConfigurationName = Release;
		};
		5887BD881BF0CD07002F387E /* Build configuration list for PBXNativeTarget "rotten-tomatoes" */ = {
			isa = XCConfigurationList;
			buildConfigurations = (
				5887BD891BF0CD07002F387E /* Debug */,
				5887BD8A1BF0CD07002F387E /* Release */,
			);
			defaultConfigurationIsVisible = 0;
		};
/* End XCConfigurationList section */
	};
	rootObject = 5887BD6E1BF0CD07002F387E /* Project object */;
}
